
Microsoft Visual Studio Solution File, Format Version 12.00
# Visual Studio 14
VisualStudioVersion = 14.0.25420.1
MinimumVisualStudioVersion = 10.0.40219.1
Project("{FAE04EC0-301F-11D3-BF4B-00C04F79EFBC}") = "Kerbal Space Program Tools", "Kerbal Space Program Tools\Kerbal Space Program Tools.csproj", "{9A855FBC-70D4-437F-A1D9-1E6A32C89A72}"
EndProject
Project("{54435603-DBB4-11D2-8724-00A0C9A8B90C}") = "KSPTools Installer", "KSPTools Installer\KSPTools Installer.vdproj", "{B475FA74-C988-437D-B877-CD5F727927D8}"
EndProject
Global
	GlobalSection(SolutionConfigurationPlatforms) = preSolution
		Debug|Any CPU = Debug|Any CPU
		Release|Any CPU = Release|Any CPU
	EndGlobalSection
	GlobalSection(ProjectConfigurationPlatforms) = postSolution
		{9A855FBC-70D4-437F-A1D9-1E6A32C89A72}.Debug|Any CPU.ActiveCfg = Debug|Any CPU
		{9A855FBC-70D4-437F-A1D9-1E6A32C89A72}.Debug|Any CPU.Build.0 = Debug|Any CPU
		{9A855FBC-70D4-437F-A1D9-1E6A32C89A72}.Release|Any CPU.ActiveCfg = Release|Any CPU
		{9A855FBC-70D4-437F-A1D9-1E6A32C89A72}.Release|Any CPU.Build.0 = Release|Any CPU
		{B475FA74-C988-437D-B877-CD5F727927D8}.Debug|Any CPU.ActiveCfg = Debug
		{B475FA74-C988-437D-B877-CD5F727927D8}.Release|Any CPU.ActiveCfg = Release
	EndGlobalSection
	GlobalSection(SolutionProperties) = preSolution
		HideSolutionNode = FALSE
	EndGlobalSection
EndGlobal
